// !$*UTF8*$!
{
	archiveVersion = 1;
	classes = {
	};
	objectVersion = 56;
	objects = {

/* Begin PBXBuildFile section */
		93C824372B7C1AC00087B248 /* IttyBittyListApp.swift in Sources */ = {isa = PBXBuildFile; fileRef = 93C824362B7C1AC00087B248 /* IttyBittyListApp.swift */; };
		93C824392B7C1AC00087B248 /* ContentView.swift in Sources */ = {isa = PBXBuildFile; fileRef = 93C824382B7C1AC00087B248 /* ContentView.swift */; };
		93C8243B2B7C1ACD0087B248 /* Assets.xcassets in Resources */ = {isa = PBXBuildFile; fileRef = 93C8243A2B7C1ACD0087B248 /* Assets.xcassets */; };
		93C8243E2B7C1ACD0087B248 /* Preview Assets.xcassets in Resources */ = {isa = PBXBuildFile; fileRef = 93C8243D2B7C1ACD0087B248 /* Preview Assets.xcassets */; };
		93C824492B7C1AE50087B248 /* Query.swift in Sources */ = {isa = PBXBuildFile; fileRef = 93C824452B7C1AE50087B248 /* Query.swift */; };
		93C8244A2B7C1AE50087B248 /* ListItem.swift in Sources */ = {isa = PBXBuildFile; fileRef = 93C824462B7C1AE50087B248 /* ListItem.swift */; };
		93C8244B2B7C1AE50087B248 /* AllListItemsRequest.swift in Sources */ = {isa = PBXBuildFile; fileRef = 93C824472B7C1AE50087B248 /* AllListItemsRequest.swift */; };
		93C8244C2B7C1AE50087B248 /* Migrator.swift in Sources */ = {isa = PBXBuildFile; fileRef = 93C824482B7C1AE50087B248 /* Migrator.swift */; };
		93C8244F2B7C1B030087B248 /* Harmony in Frameworks */ = {isa = PBXBuildFile; productRef = 93C8244E2B7C1B030087B248 /* Harmony */; };
		93C824522B7C1B110087B248 /* GRDBQuery in Frameworks */ = {isa = PBXBuildFile; productRef = 93C824512B7C1B110087B248 /* GRDBQuery */; };
/* End PBXBuildFile section */

/* Begin PBXFileReference section */
		93B243BC2B7C562B00DED1F1 /* Harmony */ = {isa = PBXFileReference; lastKnownFileType = wrapper; name = Harmony; path = ../../Packages/Harmony; sourceTree = "<group>"; };
		93C824332B7C1AC00087B248 /* IttyBittyList.app */ = {isa = PBXFileReference; explicitFileType = wrapper.application; includeInIndex = 0; path = IttyBittyList.app; sourceTree = BUILT_PRODUCTS_DIR; };
		93C824362B7C1AC00087B248 /* IttyBittyListApp.swift */ = {isa = PBXFileReference; lastKnownFileType = sourcecode.swift; path = IttyBittyListApp.swift; sourceTree = "<group>"; };
		93C824382B7C1AC00087B248 /* ContentView.swift */ = {isa = PBXFileReference; lastKnownFileType = sourcecode.swift; path = ContentView.swift; sourceTree = "<group>"; };
		93C8243A2B7C1ACD0087B248 /* Assets.xcassets */ = {isa = PBXFileReference; lastKnownFileType = folder.assetcatalog; path = Assets.xcassets; sourceTree = "<group>"; };
		93C8243D2B7C1ACD0087B248 /* Preview Assets.xcassets */ = {isa = PBXFileReference; lastKnownFileType = folder.assetcatalog; path = "Preview Assets.xcassets"; sourceTree = "<group>"; };
		93C824452B7C1AE50087B248 /* Query.swift */ = {isa = PBXFileReference; fileEncoding = 4; lastKnownFileType = sourcecode.swift; path = Query.swift; sourceTree = "<group>"; };
		93C824462B7C1AE50087B248 /* ListItem.swift */ = {isa = PBXFileReference; fileEncoding = 4; lastKnownFileType = sourcecode.swift; path = ListItem.swift; sourceTree = "<group>"; };
		93C824472B7C1AE50087B248 /* AllListItemsRequest.swift */ = {isa = PBXFileReference; fileEncoding = 4; lastKnownFileType = sourcecode.swift; path = AllListItemsRequest.swift; sourceTree = "<group>"; };
		93C824482B7C1AE50087B248 /* Migrator.swift */ = {isa = PBXFileReference; fileEncoding = 4; lastKnownFileType = sourcecode.swift; path = Migrator.swift; sourceTree = "<group>"; };
		93C824532B7C1D7C0087B248 /* IttyBittyList.entitlements */ = {isa = PBXFileReference; lastKnownFileType = text.plist.entitlements; path = IttyBittyList.entitlements; sourceTree = "<group>"; };
		93C824542B7C49C60087B248 /* Info.plist */ = {isa = PBXFileReference; lastKnownFileType = text.plist; path = Info.plist; sourceTree = "<group>"; };
/* End PBXFileReference section */

/* Begin PBXFrameworksBuildPhase section */
		93C824302B7C1AC00087B248 /* Frameworks */ = {
			isa = PBXFrameworksBuildPhase;
			buildActionMask = 2147483647;
			files = (
				93C824522B7C1B110087B248 /* GRDBQuery in Frameworks */,
				93C8244F2B7C1B030087B248 /* Harmony in Frameworks */,
			);
			runOnlyForDeploymentPostprocessing = 0;
		};
/* End PBXFrameworksBuildPhase section */

/* Begin PBXGroup section */
		9314187A2B7DADA500F55106 /* Models */ = {
			isa = PBXGroup;
			children = (
				93C824462B7C1AE50087B248 /* ListItem.swift */,
			);
			path = Models;
			sourceTree = "<group>";
		};
		93C8242A2B7C1AC00087B248 = {
			isa = PBXGroup;
			children = (
				93B243BC2B7C562B00DED1F1 /* Harmony */,
				93C824352B7C1AC00087B248 /* IttyBittyList */,
				93C824342B7C1AC00087B248 /* Products */,
			);
			sourceTree = "<group>";
		};
		93C824342B7C1AC00087B248 /* Products */ = {
			isa = PBXGroup;
			children = (
				93C824332B7C1AC00087B248 /* IttyBittyList.app */,
			);
			name = Products;
			sourceTree = "<group>";
		};
		93C824352B7C1AC00087B248 /* IttyBittyList */ = {
			isa = PBXGroup;
			children = (
				93C824542B7C49C60087B248 /* Info.plist */,
				93C824532B7C1D7C0087B248 /* IttyBittyList.entitlements */,
				93C824362B7C1AC00087B248 /* IttyBittyListApp.swift */,
				93C824382B7C1AC00087B248 /* ContentView.swift */,
				9314187A2B7DADA500F55106 /* Models */,
				93C824442B7C1AE50087B248 /* Database */,
				93C8243A2B7C1ACD0087B248 /* Assets.xcassets */,
				93C8243C2B7C1ACD0087B248 /* Preview Content */,
			);
			path = IttyBittyList;
			sourceTree = "<group>";
		};
		93C8243C2B7C1ACD0087B248 /* Preview Content */ = {
			isa = PBXGroup;
			children = (
				93C8243D2B7C1ACD0087B248 /* Preview Assets.xcassets */,
			);
			path = "Preview Content";
			sourceTree = "<group>";
		};
		93C824442B7C1AE50087B248 /* Database */ = {
			isa = PBXGroup;
			children = (
				93C824452B7C1AE50087B248 /* Query.swift */,
				93C824472B7C1AE50087B248 /* AllListItemsRequest.swift */,
				93C824482B7C1AE50087B248 /* Migrator.swift */,
			);
			path = Database;
			sourceTree = "<group>";
		};
/* End PBXGroup section */

/* Begin PBXNativeTarget section */
		93C824322B7C1AC00087B248 /* IttyBittyList */ = {
			isa = PBXNativeTarget;
			buildConfigurationList = 93C824412B7C1ACD0087B248 /* Build configuration list for PBXNativeTarget "IttyBittyList" */;
			buildPhases = (
				93C8242F2B7C1AC00087B248 /* Sources */,
				93C824302B7C1AC00087B248 /* Frameworks */,
				93C824312B7C1AC00087B248 /* Resources */,
			);
			buildRules = (
			);
			dependencies = (
			);
			name = IttyBittyList;
			packageProductDependencies = (
				93C8244E2B7C1B030087B248 /* Harmony */,
				93C824512B7C1B110087B248 /* GRDBQuery */,
			);
			productName = IttyBittyList;
			productReference = 93C824332B7C1AC00087B248 /* IttyBittyList.app */;
			productType = "com.apple.product-type.application";
		};
/* End PBXNativeTarget section */

/* Begin PBXProject section */
		93C8242B2B7C1AC00087B248 /* Project object */ = {
			isa = PBXProject;
			attributes = {
				BuildIndependentTargetsInParallel = 1;
				LastSwiftUpdateCheck = 1520;
				LastUpgradeCheck = 1520;
				TargetAttributes = {
					93C824322B7C1AC00087B248 = {
						CreatedOnToolsVersion = 15.2;
					};
				};
			};
			buildConfigurationList = 93C8242E2B7C1AC00087B248 /* Build configuration list for PBXProject "IttyBittyList" */;
			compatibilityVersion = "Xcode 14.0";
			developmentRegion = en;
			hasScannedForEncodings = 0;
			knownRegions = (
				en,
				Base,
			);
			mainGroup = 93C8242A2B7C1AC00087B248;
			packageReferences = (
				93C8244D2B7C1B030087B248 /* XCRemoteSwiftPackageReference "Harmony" */,
				93C824502B7C1B110087B248 /* XCRemoteSwiftPackageReference "GRDBQuery" */,
			);
			productRefGroup = 93C824342B7C1AC00087B248 /* Products */;
			projectDirPath = "";
			projectRoot = "";
			targets = (
				93C824322B7C1AC00087B248 /* IttyBittyList */,
			);
		};
/* End PBXProject section */

/* Begin PBXResourcesBuildPhase section */
		93C824312B7C1AC00087B248 /* Resources */ = {
			isa = PBXResourcesBuildPhase;
			buildActionMask = 2147483647;
			files = (
				93C8243E2B7C1ACD0087B248 /* Preview Assets.xcassets in Resources */,
				93C8243B2B7C1ACD0087B248 /* Assets.xcassets in Resources */,
			);
			runOnlyForDeploymentPostprocessing = 0;
		};
/* End PBXResourcesBuildPhase section */

/* Begin PBXSourcesBuildPhase section */
		93C8242F2B7C1AC00087B248 /* Sources */ = {
			isa = PBXSourcesBuildPhase;
			buildActionMask = 2147483647;
			files = (
				93C8244A2B7C1AE50087B248 /* ListItem.swift in Sources */,
				93C8244B2B7C1AE50087B248 /* AllListItemsRequest.swift in Sources */,
				93C8244C2B7C1AE50087B248 /* Migrator.swift in Sources */,
				93C824392B7C1AC00087B248 /* ContentView.swift in Sources */,
				93C824492B7C1AE50087B248 /* Query.swift in Sources */,
				93C824372B7C1AC00087B248 /* IttyBittyListApp.swift in Sources */,
			);
			runOnlyForDeploymentPostprocessing = 0;
		};
/* End PBXSourcesBuildPhase section */

/* Begin XCBuildConfiguration section */
		93C8243F2B7C1ACD0087B248 /* Debug */ = {
			isa = XCBuildConfiguration;
			buildSettings = {
				ALWAYS_SEARCH_USER_PATHS = NO;
				ASSETCATALOG_COMPILER_GENERATE_SWIFT_ASSET_SYMBOL_EXTENSIONS = YES;
				CLANG_ANALYZER_NONNULL = YES;
				CLANG_ANALYZER_NUMBER_OBJECT_CONVERSION = YES_AGGRESSIVE;
				CLANG_CXX_LANGUAGE_STANDARD = "gnu++20";
				CLANG_ENABLE_MODULES = YES;
				CLANG_ENABLE_OBJC_ARC = YES;
				CLANG_ENABLE_OBJC_WEAK = YES;
				CLANG_WARN_BLOCK_CAPTURE_AUTORELEASING = YES;
				CLANG_WARN_BOOL_CONVERSION = YES;
				CLANG_WARN_COMMA = YES;
				CLANG_WARN_CONSTANT_CONVERSION = YES;
				CLANG_WARN_DEPRECATED_OBJC_IMPLEMENTATIONS = YES;
				CLANG_WARN_DIRECT_OBJC_ISA_USAGE = YES_ERROR;
				CLANG_WARN_DOCUMENTATION_COMMENTS = YES;
				CLANG_WARN_EMPTY_BODY = YES;
				CLANG_WARN_ENUM_CONVERSION = YES;
				CLANG_WARN_INFINITE_RECURSION = YES;
				CLANG_WARN_INT_CONVERSION = YES;
				CLANG_WARN_NON_LITERAL_NULL_CONVERSION = YES;
				CLANG_WARN_OBJC_IMPLICIT_RETAIN_SELF = YES;
				CLANG_WARN_OBJC_LITERAL_CONVERSION = YES;
				CLANG_WARN_OBJC_ROOT_CLASS = YES_ERROR;
				CLANG_WARN_QUOTED_INCLUDE_IN_FRAMEWORK_HEADER = YES;
				CLANG_WARN_RANGE_LOOP_ANALYSIS = YES;
				CLANG_WARN_STRICT_PROTOTYPES = YES;
				CLANG_WARN_SUSPICIOUS_MOVE = YES;
				CLANG_WARN_UNGUARDED_AVAILABILITY = YES_AGGRESSIVE;
				CLANG_WARN_UNREACHABLE_CODE = YES;
				CLANG_WARN__DUPLICATE_METHOD_MATCH = YES;
				COPY_PHASE_STRIP = NO;
				DEBUG_INFORMATION_FORMAT = dwarf;
				ENABLE_STRICT_OBJC_MSGSEND = YES;
				ENABLE_TESTABILITY = YES;
				ENABLE_USER_SCRIPT_SANDBOXING = YES;
				GCC_C_LANGUAGE_STANDARD = gnu17;
				GCC_DYNAMIC_NO_PIC = NO;
				GCC_NO_COMMON_BLOCKS = YES;
				GCC_OPTIMIZATION_LEVEL = 0;
				GCC_PREPROCESSOR_DEFINITIONS = (
					"DEBUG=1",
					"$(inherited)",
				);
				GCC_WARN_64_TO_32_BIT_CONVERSION = YES;
				GCC_WARN_ABOUT_RETURN_TYPE = YES_ERROR;
				GCC_WARN_UNDECLARED_SELECTOR = YES;
				GCC_WARN_UNINITIALIZED_AUTOS = YES_AGGRESSIVE;
				GCC_WARN_UNUSED_FUNCTION = YES;
				GCC_WARN_UNUSED_VARIABLE = YES;
				IPHONEOS_DEPLOYMENT_TARGET = 17.2;
				LOCALIZATION_PREFERS_STRING_CATALOGS = YES;
				MTL_ENABLE_DEBUG_INFO = INCLUDE_SOURCE;
				MTL_FAST_MATH = YES;
				ONLY_ACTIVE_ARCH = YES;
				SDKROOT = iphoneos;
				SWIFT_ACTIVE_COMPILATION_CONDITIONS = "DEBUG $(inherited)";
				SWIFT_OPTIMIZATION_LEVEL = "-Onone";
			};
			name = Debug;
		};
		93C824402B7C1ACD0087B248 /* Release */ = {
			isa = XCBuildConfiguration;
			buildSettings = {
				ALWAYS_SEARCH_USER_PATHS = NO;
				ASSETCATALOG_COMPILER_GENERATE_SWIFT_ASSET_SYMBOL_EXTENSIONS = YES;
				CLANG_ANALYZER_NONNULL = YES;
				CLANG_ANALYZER_NUMBER_OBJECT_CONVERSION = YES_AGGRESSIVE;
				CLANG_CXX_LANGUAGE_STANDARD = "gnu++20";
				CLANG_ENABLE_MODULES = YES;
				CLANG_ENABLE_OBJC_ARC = YES;
				CLANG_ENABLE_OBJC_WEAK = YES;
				CLANG_WARN_BLOCK_CAPTURE_AUTORELEASING = YES;
				CLANG_WARN_BOOL_CONVERSION = YES;
				CLANG_WARN_COMMA = YES;
				CLANG_WARN_CONSTANT_CONVERSION = YES;
				CLANG_WARN_DEPRECATED_OBJC_IMPLEMENTATIONS = YES;
				CLANG_WARN_DIRECT_OBJC_ISA_USAGE = YES_ERROR;
				CLANG_WARN_DOCUMENTATION_COMMENTS = YES;
				CLANG_WARN_EMPTY_BODY = YES;
				CLANG_WARN_ENUM_CONVERSION = YES;
				CLANG_WARN_INFINITE_RECURSION = YES;
				CLANG_WARN_INT_CONVERSION = YES;
				CLANG_WARN_NON_LITERAL_NULL_CONVERSION = YES;
				CLANG_WARN_OBJC_IMPLICIT_RETAIN_SELF = YES;
				CLANG_WARN_OBJC_LITERAL_CONVERSION = YES;
				CLANG_WARN_OBJC_ROOT_CLASS = YES_ERROR;
				CLANG_WARN_QUOTED_INCLUDE_IN_FRAMEWORK_HEADER = YES;
				CLANG_WARN_RANGE_LOOP_ANALYSIS = YES;
				CLANG_WARN_STRICT_PROTOTYPES = YES;
				CLANG_WARN_SUSPICIOUS_MOVE = YES;
				CLANG_WARN_UNGUARDED_AVAILABILITY = YES_AGGRESSIVE;
				CLANG_WARN_UNREACHABLE_CODE = YES;
				CLANG_WARN__DUPLICATE_METHOD_MATCH = YES;
				COPY_PHASE_STRIP = NO;
				DEBUG_INFORMATION_FORMAT = "dwarf-with-dsym";
				ENABLE_NS_ASSERTIONS = NO;
				ENABLE_STRICT_OBJC_MSGSEND = YES;
				ENABLE_USER_SCRIPT_SANDBOXING = YES;
				GCC_C_LANGUAGE_STANDARD = gnu17;
				GCC_NO_COMMON_BLOCKS = YES;
				GCC_WARN_64_TO_32_BIT_CONVERSION = YES;
				GCC_WARN_ABOUT_RETURN_TYPE = YES_ERROR;
				GCC_WARN_UNDECLARED_SELECTOR = YES;
				GCC_WARN_UNINITIALIZED_AUTOS = YES_AGGRESSIVE;
				GCC_WARN_UNUSED_FUNCTION = YES;
				GCC_WARN_UNUSED_VARIABLE = YES;
				IPHONEOS_DEPLOYMENT_TARGET = 17.2;
				LOCALIZATION_PREFERS_STRING_CATALOGS = YES;
				MTL_ENABLE_DEBUG_INFO = NO;
				MTL_FAST_MATH = YES;
				SDKROOT = iphoneos;
				SWIFT_COMPILATION_MODE = wholemodule;
				VALIDATE_PRODUCT = YES;
			};
			name = Release;
		};
		93C824422B7C1ACD0087B248 /* Debug */ = {
			isa = XCBuildConfiguration;
			buildSettings = {
				ASSETCATALOG_COMPILER_APPICON_NAME = AppIcon;
				ASSETCATALOG_COMPILER_GLOBAL_ACCENT_COLOR_NAME = AccentColor;
				CODE_SIGN_ENTITLEMENTS = IttyBittyList/IttyBittyList.entitlements;
				CODE_SIGN_STYLE = Automatic;
				CURRENT_PROJECT_VERSION = 1;
				DEVELOPMENT_ASSET_PATHS = "\"IttyBittyList/Preview Content\"";
				DEVELOPMENT_TEAM = 24AY64LA78;
				ENABLE_PREVIEWS = YES;
				GENERATE_INFOPLIST_FILE = YES;
				INFOPLIST_FILE = IttyBittyList/Info.plist;
				INFOPLIST_KEY_UIApplicationSceneManifest_Generation = YES;
				INFOPLIST_KEY_UIApplicationSupportsIndirectInputEvents = YES;
				INFOPLIST_KEY_UILaunchScreen_Generation = YES;
				INFOPLIST_KEY_UISupportedInterfaceOrientations_iPad = "UIInterfaceOrientationPortrait UIInterfaceOrientationPortraitUpsideDown UIInterfaceOrientationLandscapeLeft UIInterfaceOrientationLandscapeRight";
				INFOPLIST_KEY_UISupportedInterfaceOrientations_iPhone = "UIInterfaceOrientationPortrait UIInterfaceOrientationLandscapeLeft UIInterfaceOrientationLandscapeRight";
				LD_RUNPATH_SEARCH_PATHS = (
					"$(inherited)",
					"@executable_path/Frameworks",
				);
				MARKETING_VERSION = 1.0;
				PRODUCT_BUNDLE_IDENTIFIER = com.pearcemedia.IttyBittyList;
				PRODUCT_NAME = "$(TARGET_NAME)";
				SWIFT_EMIT_LOC_STRINGS = YES;
				SWIFT_VERSION = 5.0;
				TARGETED_DEVICE_FAMILY = "1,2";
			};
			name = Debug;
		};
		93C824432B7C1ACD0087B248 /* Release */ = {
			isa = XCBuildConfiguration;
			buildSettings = {
				ASSETCATALOG_COMPILER_APPICON_NAME = AppIcon;
				ASSETCATALOG_COMPILER_GLOBAL_ACCENT_COLOR_NAME = AccentColor;
				CODE_SIGN_ENTITLEMENTS = IttyBittyList/IttyBittyList.entitlements;
				CODE_SIGN_STYLE = Automatic;
				CURRENT_PROJECT_VERSION = 1;
				DEVELOPMENT_ASSET_PATHS = "\"IttyBittyList/Preview Content\"";
				DEVELOPMENT_TEAM = 24AY64LA78;
				ENABLE_PREVIEWS = YES;
				GENERATE_INFOPLIST_FILE = YES;
				INFOPLIST_FILE = IttyBittyList/Info.plist;
				INFOPLIST_KEY_UIApplicationSceneManifest_Generation = YES;
				INFOPLIST_KEY_UIApplicationSupportsIndirectInputEvents = YES;
				INFOPLIST_KEY_UILaunchScreen_Generation = YES;
				INFOPLIST_KEY_UISupportedInterfaceOrientations_iPad = "UIInterfaceOrientationPortrait UIInterfaceOrientationPortraitUpsideDown UIInterfaceOrientationLandscapeLeft UIInterfaceOrientationLandscapeRight";
				INFOPLIST_KEY_UISupportedInterfaceOrientations_iPhone = "UIInterfaceOrientationPortrait UIInterfaceOrientationLandscapeLeft UIInterfaceOrientationLandscapeRight";
				LD_RUNPATH_SEARCH_PATHS = (
					"$(inherited)",
					"@executable_path/Frameworks",
				);
				MARKETING_VERSION = 1.0;
				PRODUCT_BUNDLE_IDENTIFIER = com.pearcemedia.IttyBittyList;
				PRODUCT_NAME = "$(TARGET_NAME)";
				SWIFT_EMIT_LOC_STRINGS = YES;
				SWIFT_VERSION = 5.0;
				TARGETED_DEVICE_FAMILY = "1,2";
			};
			name = Release;
		};
/* End XCBuildConfiguration section */

/* Begin XCConfigurationList section */
		93C8242E2B7C1AC00087B248 /* Build configuration list for PBXProject "IttyBittyList" */ = {
			isa = XCConfigurationList;
			buildConfigurations = (
				93C8243F2B7C1ACD0087B248 /* Debug */,
				93C824402B7C1ACD0087B248 /* Release */,
			);
			defaultConfigurationIsVisible = 0;
			defaultConfigurationName = Release;
		};
		93C824412B7C1ACD0087B248 /* Build configuration list for PBXNativeTarget "IttyBittyList" */ = {
			isa = XCConfigurationList;
			buildConfigurations = (
				93C824422B7C1ACD0087B248 /* Debug */,
				93C824432B7C1ACD0087B248 /* Release */,
			);
			defaultConfigurationIsVisible = 0;
			defaultConfigurationName = Release;
		};
/* End XCConfigurationList section */

/* Begin XCRemoteSwiftPackageReference section */
		93C8244D2B7C1B030087B248 /* XCRemoteSwiftPackageReference "Harmony" */ = {
			isa = XCRemoteSwiftPackageReference;
			repositoryURL = "https://github.com/aaronpearce/Harmony";
			requirement = {
				branch = main;
				kind = branch;
			};
		};
		93C824502B7C1B110087B248 /* XCRemoteSwiftPackageReference "GRDBQuery" */ = {
			isa = XCRemoteSwiftPackageReference;
			repositoryURL = "https://github.com/groue/GRDBQuery";
			requirement = {
				kind = upToNextMajorVersion;
				minimumVersion = 0.8.0;
			};
		};
/* End XCRemoteSwiftPackageReference section */

/* Begin XCSwiftPackageProductDependency section */
		93C8244E2B7C1B030087B248 /* Harmony */ = {
			isa = XCSwiftPackageProductDependency;
			package = 93C8244D2B7C1B030087B248 /* XCRemoteSwiftPackageReference "Harmony" */;
			productName = Harmony;
		};
		93C824512B7C1B110087B248 /* GRDBQuery */ = {
			isa = XCSwiftPackageProductDependency;
			package = 93C824502B7C1B110087B248 /* XCRemoteSwiftPackageReference "GRDBQuery" */;
			productName = GRDBQuery;
		};
/* End XCSwiftPackageProductDependency section */
	};
	rootObject = 93C8242B2B7C1AC00087B248 /* Project object */;
}
